// !$*UTF8*$!
{
	archiveVersion = 1;
	classes = {
	};
	objectVersion = 50;
	objects = {

/* Begin PBXBuildFile section */
		E81F733021DDB93A00AC4914 /* Reflect.m in Sources */ = {isa = PBXBuildFile; fileRef = E81F732F21DDB93A00AC4914 /* Reflect.m */; };
		E81F733321DDB9CC00AC4914 /* NSInvocation+Helper.m in Sources */ = {isa = PBXBuildFile; fileRef = E81F733221DDB9CC00AC4914 /* NSInvocation+Helper.m */; };
		E82D056221CC8E0300676141 /* AppDelegate.m in Sources */ = {isa = PBXBuildFile; fileRef = E82D056121CC8E0300676141 /* AppDelegate.m */; };
		E82D056521CC8E0300676141 /* ViewController.m in Sources */ = {isa = PBXBuildFile; fileRef = E82D056421CC8E0300676141 /* ViewController.m */; };
		E82D056821CC8E0300676141 /* Main.storyboard in Resources */ = {isa = PBXBuildFile; fileRef = E82D056621CC8E0300676141 /* Main.storyboard */; };
		E82D056A21CC8E0500676141 /* Assets.xcassets in Resources */ = {isa = PBXBuildFile; fileRef = E82D056921CC8E0500676141 /* Assets.xcassets */; };
		E82D056D21CC8E0500676141 /* LaunchScreen.storyboard in Resources */ = {isa = PBXBuildFile; fileRef = E82D056B21CC8E0500676141 /* LaunchScreen.storyboard */; };
		E82D057021CC8E0500676141 /* main.m in Sources */ = {isa = PBXBuildFile; fileRef = E82D056F21CC8E0500676141 /* main.m */; };
		E82D057821CC91E700676141 /* Person.m in Sources */ = {isa = PBXBuildFile; fileRef = E82D057721CC91E600676141 /* Person.m */; };
/* End PBXBuildFile section */

/* Begin PBXFileReference section */
		E81F732E21DDB93A00AC4914 /* Reflect.h */ = {isa = PBXFileReference; fileEncoding = 4; lastKnownFileType = sourcecode.c.h; path = Reflect.h; sourceTree = "<group>"; };
		E81F732F21DDB93A00AC4914 /* Reflect.m */ = {isa = PBXFileReference; fileEncoding = 4; lastKnownFileType = sourcecode.c.objc; path = Reflect.m; sourceTree = "<group>"; };
		E81F733121DDB9CC00AC4914 /* NSInvocation+Helper.h */ = {isa = PBXFileReference; fileEncoding = 4; lastKnownFileType = sourcecode.c.h; path = "NSInvocation+Helper.h"; sourceTree = "<group>"; };
		E81F733221DDB9CC00AC4914 /* NSInvocation+Helper.m */ = {isa = PBXFileReference; fileEncoding = 4; lastKnownFileType = sourcecode.c.objc; path = "NSInvocation+Helper.m"; sourceTree = "<group>"; };
		E82D055D21CC8E0300676141 /* ReflectDemo.app */ = {isa = PBXFileReference; explicitFileType = wrapper.application; includeInIndex = 0; path = ReflectDemo.app; sourceTree = BUILT_PRODUCTS_DIR; };
		E82D056021CC8E0300676141 /* AppDelegate.h */ = {isa = PBXFileReference; lastKnownFileType = sourcecode.c.h; path = AppDelegate.h; sourceTree = "<group>"; };
		E82D056121CC8E0300676141 /* AppDelegate.m */ = {isa = PBXFileReference; lastKnownFileType = sourcecode.c.objc; path = AppDelegate.m; sourceTree = "<group>"; };
		E82D056321CC8E0300676141 /* ViewController.h */ = {isa = PBXFileReference; lastKnownFileType = sourcecode.c.h; path = ViewController.h; sourceTree = "<group>"; };
		E82D056421CC8E0300676141 /* ViewController.m */ = {isa = PBXFileReference; lastKnownFileType = sourcecode.c.objc; path = ViewController.m; sourceTree = "<group>"; };
		E82D056721CC8E0300676141 /* Base */ = {isa = PBXFileReference; lastKnownFileType = file.storyboard; name = Base; path = Base.lproj/Main.storyboard; sourceTree = "<group>"; };
		E82D056921CC8E0500676141 /* Assets.xcassets */ = {isa = PBXFileReference; lastKnownFileType = folder.assetcatalog; path = Assets.xcassets; sourceTree = "<group>"; };
		E82D056C21CC8E0500676141 /* Base */ = {isa = PBXFileReference; lastKnownFileType = file.storyboard; name = Base; path = Base.lproj/LaunchScreen.storyboard; sourceTree = "<group>"; };
		E82D056E21CC8E0500676141 /* Info.plist */ = {isa = PBXFileReference; lastKnownFileType = text.plist.xml; path = Info.plist; sourceTree = "<group>"; };
		E82D056F21CC8E0500676141 /* main.m */ = {isa = PBXFileReference; lastKnownFileType = sourcecode.c.objc; path = main.m; sourceTree = "<group>"; };
		E82D057621CC91E600676141 /* Person.h */ = {isa = PBXFileReference; lastKnownFileType = sourcecode.c.h; path = Person.h; sourceTree = "<group>"; };
		E82D057721CC91E600676141 /* Person.m */ = {isa = PBXFileReference; lastKnownFileType = sourcecode.c.objc; path = Person.m; sourceTree = "<group>"; };
/* End PBXFileReference section */

/* Begin PBXFrameworksBuildPhase section */
		E82D055A21CC8E0300676141 /* Frameworks */ = {
			isa = PBXFrameworksBuildPhase;
			buildActionMask = 2147483647;
			files = (
			);
			runOnlyForDeploymentPostprocessing = 0;
		};
/* End PBXFrameworksBuildPhase section */

/* Begin PBXGroup section */
		E82D055421CC8E0300676141 = {
			isa = PBXGroup;
			children = (
				E82D055F21CC8E0300676141 /* ReflectDemo */,
				E82D055E21CC8E0300676141 /* Products */,
			);
			sourceTree = "<group>";
		};
		E82D055E21CC8E0300676141 /* Products */ = {
			isa = PBXGroup;
			children = (
				E82D055D21CC8E0300676141 /* ReflectDemo.app */,
			);
			name = Products;
			sourceTree = "<group>";
		};
		E82D055F21CC8E0300676141 /* ReflectDemo */ = {
			isa = PBXGroup;
			children = (
				E81F733121DDB9CC00AC4914 /* NSInvocation+Helper.h */,
				E81F733221DDB9CC00AC4914 /* NSInvocation+Helper.m */,
				E81F732E21DDB93A00AC4914 /* Reflect.h */,
				E81F732F21DDB93A00AC4914 /* Reflect.m */,
				E82D056021CC8E0300676141 /* AppDelegate.h */,
				E82D056121CC8E0300676141 /* AppDelegate.m */,
				E82D056321CC8E0300676141 /* ViewController.h */,
				E82D056421CC8E0300676141 /* ViewController.m */,
				E82D057621CC91E600676141 /* Person.h */,
				E82D057721CC91E600676141 /* Person.m */,
				E82D056621CC8E0300676141 /* Main.storyboard */,
				E82D056921CC8E0500676141 /* Assets.xcassets */,
				E82D056B21CC8E0500676141 /* LaunchScreen.storyboard */,
				E82D056E21CC8E0500676141 /* Info.plist */,
				E82D056F21CC8E0500676141 /* main.m */,
			);
			path = ReflectDemo;
			sourceTree = "<group>";
		};
/* End PBXGroup section */

/* Begin PBXNativeTarget section */
		E82D055C21CC8E0300676141 /* ReflectDemo */ = {
			isa = PBXNativeTarget;
			buildConfigurationList = E82D057321CC8E0500676141 /* Build configuration list for PBXNativeTarget "ReflectDemo" */;
			buildPhases = (
				E82D055921CC8E0300676141 /* Sources */,
				E82D055A21CC8E0300676141 /* Frameworks */,
				E82D055B21CC8E0300676141 /* Resources */,
			);
			buildRules = (
			);
			dependencies = (
			);
			name = ReflectDemo;
			productName = ReflectDemo;
			productReference = E82D055D21CC8E0300676141 /* ReflectDemo.app */;
			productType = "com.apple.product-type.application";
		};
/* End PBXNativeTarget section */

/* Begin PBXProject section */
		E82D055521CC8E0300676141 /* Project object */ = {
			isa = PBXProject;
			attributes = {
				LastUpgradeCheck = 1010;
				ORGANIZATIONNAME = "shaochong du";
				TargetAttributes = {
					E82D055C21CC8E0300676141 = {
						CreatedOnToolsVersion = 10.1;
					};
				};
			};
			buildConfigurationList = E82D055821CC8E0300676141 /* Build configuration list for PBXProject "ReflectDemo" */;
			compatibilityVersion = "Xcode 9.3";
			developmentRegion = en;
			hasScannedForEncodings = 0;
			knownRegions = (
				en,
				Base,
			);
			mainGroup = E82D055421CC8E0300676141;
			productRefGroup = E82D055E21CC8E0300676141 /* Products */;
			projectDirPath = "";
			projectRoot = "";
			targets = (
				E82D055C21CC8E0300676141 /* ReflectDemo */,
			);
		};
/* End PBXProject section */

/* Begin PBXResourcesBuildPhase section */
		E82D055B21CC8E0300676141 /* Resources */ = {
			isa = PBXResourcesBuildPhase;
			buildActionMask = 2147483647;
			files = (
				E82D056D21CC8E0500676141 /* LaunchScreen.storyboard in Resources */,
				E82D056A21CC8E0500676141 /* Assets.xcassets in Resources */,
				E82D056821CC8E0300676141 /* Main.storyboard in Resources */,
			);
			runOnlyForDeploymentPostprocessing = 0;
		};
/* End PBXResourcesBuildPhase section */

/* Begin PBXSourcesBuildPhase section */
		E82D055921CC8E0300676141 /* Sources */ = {
			isa = PBXSourcesBuildPhase;
			buildActionMask = 2147483647;
			files = (
				E82D056521CC8E0300676141 /* ViewController.m in Sources */,
				E82D057021CC8E0500676141 /* main.m in Sources */,
				E82D057821CC91E700676141 /* Person.m in Sources */,
				E81F733321DDB9CC00AC4914 /* NSInvocation+Helper.m in Sources */,
				E81F733021DDB93A00AC4914 /* Reflect.m in Sources */,
				E82D056221CC8E0300676141 /* AppDelegate.m in Sources */,
			);
			runOnlyForDeploymentPostprocessing = 0;
		};
/* End PBXSourcesBuildPhase section */

/* Begin PBXVariantGroup section */
		E82D056621CC8E0300676141 /* Main.storyboard */ = {
			isa = PBXVariantGroup;
			children = (
				E82D056721CC8E0300676141 /* Base */,
			);
			name = Main.storyboard;
			sourceTree = "<group>";
		};
		E82D056B21CC8E0500676141 /* LaunchScreen.storyboard */ = {
			isa = PBXVariantGroup;
			children = (
				E82D056C21CC8E0500676141 /* Base */,
			);
			name = LaunchScreen.storyboard;
			sourceTree = "<group>";
		};
/* End PBXVariantGroup section */

/* Begin XCBuildConfiguration section */
		E82D057121CC8E0500676141 /* Debug */ = {
			isa = XCBuildConfiguration;
			buildSettings = {
				ALWAYS_SEARCH_USER_PATHS = NO;
				CLANG_ANALYZER_NONNULL = YES;
				CLANG_ANALYZER_NUMBER_OBJECT_CONVERSION = YES_AGGRESSIVE;
				CLANG_CXX_LANGUAGE_STANDARD = "gnu++14";
				CLANG_CXX_LIBRARY = "libc++";
				CLANG_ENABLE_MODULES = YES;
				CLANG_ENABLE_OBJC_ARC = YES;
				CLANG_ENABLE_OBJC_WEAK = YES;
				CLANG_WARN_BLOCK_CAPTURE_AUTORELEASING = YES;
				CLANG_WARN_BOOL_CONVERSION = YES;
				CLANG_WARN_COMMA = YES;
				CLANG_WARN_CONSTANT_CONVERSION = YES;
				CLANG_WARN_DEPRECATED_OBJC_IMPLEMENTATIONS = YES;
				CLANG_WARN_DIRECT_OBJC_ISA_USAGE = YES_ERROR;
				CLANG_WARN_DOCUMENTATION_COMMENTS = YES;
				CLANG_WARN_EMPTY_BODY = YES;
				CLANG_WARN_ENUM_CONVERSION = YES;
				CLANG_WARN_INFINITE_RECURSION = YES;
				CLANG_WARN_INT_CONVERSION = YES;
				CLANG_WARN_NON_LITERAL_NULL_CONVERSION = YES;
				CLANG_WARN_OBJC_IMPLICIT_RETAIN_SELF = YES;
				CLANG_WARN_OBJC_LITERAL_CONVERSION = YES;
				CLANG_WARN_OBJC_ROOT_CLASS = YES_ERROR;
				CLANG_WARN_RANGE_LOOP_ANALYSIS = YES;
				CLANG_WARN_STRICT_PROTOTYPES = YES;
				CLANG_WARN_SUSPICIOUS_MOVE = YES;
				CLANG_WARN_UNGUARDED_AVAILABILITY = YES_AGGRESSIVE;
				CLANG_WARN_UNREACHABLE_CODE = YES;
				CLANG_WARN__DUPLICATE_METHOD_MATCH = YES;
				CODE_SIGN_IDENTITY = "iPhone Developer";
				COPY_PHASE_STRIP = NO;
				DEBUG_INFORMATION_FORMAT = dwarf;
				ENABLE_STRICT_OBJC_MSGSEND = YES;
				ENABLE_TESTABILITY = YES;
				GCC_C_LANGUAGE_STANDARD = gnu11;
				GCC_DYNAMIC_NO_PIC = NO;
				GCC_NO_COMMON_BLOCKS = YES;
				GCC_OPTIMIZATION_LEVEL = 0;
				GCC_PREPROCESSOR_DEFINITIONS = (
					"DEBUG=1",
					"$(inherited)",
				);
				GCC_WARN_64_TO_32_BIT_CONVERSION = YES;
				GCC_WARN_ABOUT_RETURN_TYPE = YES_ERROR;
				GCC_WARN_UNDECLARED_SELECTOR = YES;
				GCC_WARN_UNINITIALIZED_AUTOS = YES_AGGRESSIVE;
				GCC_WARN_UNUSED_FUNCTION = YES;
				GCC_WARN_UNUSED_VARIABLE = YES;
				IPHONEOS_DEPLOYMENT_TARGET = 12.1;
				MTL_ENABLE_DEBUG_INFO = INCLUDE_SOURCE;
				MTL_FAST_MATH = YES;
				ONLY_ACTIVE_ARCH = YES;
				SDKROOT = iphoneos;
			};
			name = Debug;
		};
		E82D057221CC8E0500676141 /* Release */ = {
			isa = XCBuildConfiguration;
			buildSettings = {
				ALWAYS_SEARCH_USER_PATHS = NO;
				CLANG_ANALYZER_NONNULL = YES;
				CLANG_ANALYZER_NUMBER_OBJECT_CONVERSION = YES_AGGRESSIVE;
				CLANG_CXX_LANGUAGE_STANDARD = "gnu++14";
				CLANG_CXX_LIBRARY = "libc++";
				CLANG_ENABLE_MODULES = YES;
				CLANG_ENABLE_OBJC_ARC = YES;
				CLANG_ENABLE_OBJC_WEAK = YES;
				CLANG_WARN_BLOCK_CAPTURE_AUTORELEASING = YES;
				CLANG_WARN_BOOL_CONVERSION = YES;
				CLANG_WARN_COMMA = YES;
				CLANG_WARN_CONSTANT_CONVERSION = YES;
				CLANG_WARN_DEPRECATED_OBJC_IMPLEMENTATIONS = YES;
				CLANG_WARN_DIRECT_OBJC_ISA_USAGE = YES_ERROR;
				CLANG_WARN_DOCUMENTATION_COMMENTS = YES;
				CLANG_WARN_EMPTY_BODY = YES;
				CLANG_WARN_ENUM_CONVERSION = YES;
				CLANG_WARN_INFINITE_RECURSION = YES;
				CLANG_WARN_INT_CONVERSION = YES;
				CLANG_WARN_NON_LITERAL_NULL_CONVERSION = YES;
				CLANG_WARN_OBJC_IMPLICIT_RETAIN_SELF = YES;
				CLANG_WARN_OBJC_LITERAL_CONVERSION = YES;
				CLANG_WARN_OBJC_ROOT_CLASS = YES_ERROR;
				CLANG_WARN_RANGE_LOOP_ANALYSIS = YES;
				CLANG_WARN_STRICT_PROTOTYPES = YES;
				CLANG_WARN_SUSPICIOUS_MOVE = YES;
				CLANG_WARN_UNGUARDED_AVAILABILITY = YES_AGGRESSIVE;
				CLANG_WARN_UNREACHABLE_CODE = YES;
				CLANG_WARN__DUPLICATE_METHOD_MATCH = YES;
				CODE_SIGN_IDENTITY = "iPhone Developer";
				COPY_PHASE_STRIP = NO;
				DEBUG_INFORMATION_FORMAT = "dwarf-with-dsym";
				ENABLE_NS_ASSERTIONS = NO;
				ENABLE_STRICT_OBJC_MSGSEND = YES;
				GCC_C_LANGUAGE_STANDARD = gnu11;
				GCC_NO_COMMON_BLOCKS = YES;
				GCC_WARN_64_TO_32_BIT_CONVERSION = YES;
				GCC_WARN_ABOUT_RETURN_TYPE = YES_ERROR;
				GCC_WARN_UNDECLARED_SELECTOR = YES;
				GCC_WARN_UNINITIALIZED_AUTOS = YES_AGGRESSIVE;
				GCC_WARN_UNUSED_FUNCTION = YES;
				GCC_WARN_UNUSED_VARIABLE = YES;
				IPHONEOS_DEPLOYMENT_TARGET = 12.1;
				MTL_ENABLE_DEBUG_INFO = NO;
				MTL_FAST_MATH = YES;
				SDKROOT = iphoneos;
				VALIDATE_PRODUCT = YES;
			};
			name = Release;
		};
		E82D057421CC8E0500676141 /* Debug */ = {
			isa = XCBuildConfiguration;
			buildSettings = {
				ASSETCATALOG_COMPILER_APPICON_NAME = AppIcon;
				CODE_SIGN_STYLE = Automatic;
				DEVELOPMENT_TEAM = 95YHL39M2F;
				ENABLE_STRICT_OBJC_MSGSEND = NO;
				INFOPLIST_FILE = ReflectDemo/Info.plist;
				LD_RUNPATH_SEARCH_PATHS = (
					"$(inherited)",
					"@executable_path/Frameworks",
				);
				PRODUCT_BUNDLE_IDENTIFIER = com.dsc.ReflectDemo;
				PRODUCT_NAME = "$(TARGET_NAME)";
				TARGETED_DEVICE_FAMILY = "1,2";
			};
			name = Debug;
		};
		E82D057521CC8E0500676141 /* Release */ = {
			isa = XCBuildConfiguration;
			buildSettings = {
				ASSETCATALOG_COMPILER_APPICON_NAME = AppIcon;
				CODE_SIGN_STYLE = Automatic;
				DEVELOPMENT_TEAM = 95YHL39M2F;
				ENABLE_STRICT_OBJC_MSGSEND = NO;
				INFOPLIST_FILE = ReflectDemo/Info.plist;
				LD_RUNPATH_SEARCH_PATHS = (
					"$(inherited)",
					"@executable_path/Frameworks",
				);
				PRODUCT_BUNDLE_IDENTIFIER = com.dsc.ReflectDemo;
				PRODUCT_NAME = "$(TARGET_NAME)";
				TARGETED_DEVICE_FAMILY = "1,2";
			};
			name = Release;
		};
/* End XCBuildConfiguration section */

/* Begin XCConfigurationList section */
		E82D055821CC8E0300676141 /* Build configuration list for PBXProject "ReflectDemo" */ = {
			isa = XCConfigurationList;
			buildConfigurations = (
				E82D057121CC8E0500676141 /* Debug */,
				E82D057221CC8E0500676141 /* Release */,
			);
			defaultConfigurationIsVisible = 0;
			defaultConfigurationName = Release;
		};
		E82D057321CC8E0500676141 /* Build configuration list for PBXNativeTarget "ReflectDemo" */ = {
			isa = XCConfigurationList;
			buildConfigurations = (
				E82D057421CC8E0500676141 /* Debug */,
				E82D057521CC8E0500676141 /* Release */,
			);
			defaultConfigurationIsVisible = 0;
			defaultConfigurationName = Release;
		};
/* End XCConfigurationList section */
	};
	rootObject = E82D055521CC8E0300676141 /* Project object */;
}
